// !$*UTF8*$!
{
	archiveVersion = 1;
	classes = {
	};
	objectVersion = 50;
	objects = {

/* Begin PBXBuildFile section */
		128C2B8F245D9EEC00CAD9DD /* AppDelegate.swift in Sources */ = {isa = PBXBuildFile; fileRef = 128C2B8E245D9EEC00CAD9DD /* AppDelegate.swift */; };
		128C2B91245D9EEC00CAD9DD /* SceneDelegate.swift in Sources */ = {isa = PBXBuildFile; fileRef = 128C2B90245D9EEC00CAD9DD /* SceneDelegate.swift */; };
		128C2B94245D9EEC00CAD9DD /* MySwiftUI.xcdatamodeld in Sources */ = {isa = PBXBuildFile; fileRef = 128C2B92245D9EEC00CAD9DD /* MySwiftUI.xcdatamodeld */; };
		128C2B96245D9EEC00CAD9DD /* ProductsView.swift in Sources */ = {isa = PBXBuildFile; fileRef = 128C2B95245D9EEC00CAD9DD /* ProductsView.swift */; };
		128C2B98245D9EED00CAD9DD /* Assets.xcassets in Resources */ = {isa = PBXBuildFile; fileRef = 128C2B97245D9EED00CAD9DD /* Assets.xcassets */; };
		128C2B9B245D9EED00CAD9DD /* Preview Assets.xcassets in Resources */ = {isa = PBXBuildFile; fileRef = 128C2B9A245D9EED00CAD9DD /* Preview Assets.xcassets */; };
		128C2B9E245D9EED00CAD9DD /* LaunchScreen.storyboard in Resources */ = {isa = PBXBuildFile; fileRef = 128C2B9C245D9EED00CAD9DD /* LaunchScreen.storyboard */; };
		12E6CBAA245F10170081B6FC /* Product.swift in Sources */ = {isa = PBXBuildFile; fileRef = 12E6CBA9245F10170081B6FC /* Product.swift */; };
		12E6CBAC245F10260081B6FC /* Cart.swift in Sources */ = {isa = PBXBuildFile; fileRef = 12E6CBAB245F10260081B6FC /* Cart.swift */; };
		12E6CBAE245F12330081B6FC /* CartView.swift in Sources */ = {isa = PBXBuildFile; fileRef = 12E6CBAD245F12330081B6FC /* CartView.swift */; };
		12E6CBB0245F127A0081B6FC /* ProductRow.swift in Sources */ = {isa = PBXBuildFile; fileRef = 12E6CBAF245F127A0081B6FC /* ProductRow.swift */; };
		12E6CBB2245F1D4C0081B6FC /* ProductCartRow.swift in Sources */ = {isa = PBXBuildFile; fileRef = 12E6CBB1245F1D4C0081B6FC /* ProductCartRow.swift */; };
/* End PBXBuildFile section */

/* Begin PBXFileReference section */
		128C2B8B245D9EEC00CAD9DD /* MySwiftUI.app */ = {isa = PBXFileReference; explicitFileType = wrapper.application; includeInIndex = 0; path = MySwiftUI.app; sourceTree = BUILT_PRODUCTS_DIR; };
		128C2B8E245D9EEC00CAD9DD /* AppDelegate.swift */ = {isa = PBXFileReference; lastKnownFileType = sourcecode.swift; path = AppDelegate.swift; sourceTree = "<group>"; };
		128C2B90245D9EEC00CAD9DD /* SceneDelegate.swift */ = {isa = PBXFileReference; lastKnownFileType = sourcecode.swift; path = SceneDelegate.swift; sourceTree = "<group>"; };
		128C2B93245D9EEC00CAD9DD /* MySwiftUI.xcdatamodel */ = {isa = PBXFileReference; lastKnownFileType = wrapper.xcdatamodel; path = MySwiftUI.xcdatamodel; sourceTree = "<group>"; };
		128C2B95245D9EEC00CAD9DD /* ProductsView.swift */ = {isa = PBXFileReference; lastKnownFileType = sourcecode.swift; path = ProductsView.swift; sourceTree = "<group>"; };
		128C2B97245D9EED00CAD9DD /* Assets.xcassets */ = {isa = PBXFileReference; lastKnownFileType = folder.assetcatalog; path = Assets.xcassets; sourceTree = "<group>"; };
		128C2B9A245D9EED00CAD9DD /* Preview Assets.xcassets */ = {isa = PBXFileReference; lastKnownFileType = folder.assetcatalog; path = "Preview Assets.xcassets"; sourceTree = "<group>"; };
		128C2B9D245D9EED00CAD9DD /* Base */ = {isa = PBXFileReference; lastKnownFileType = file.storyboard; name = Base; path = Base.lproj/LaunchScreen.storyboard; sourceTree = "<group>"; };
		128C2B9F245D9EED00CAD9DD /* Info.plist */ = {isa = PBXFileReference; lastKnownFileType = text.plist.xml; path = Info.plist; sourceTree = "<group>"; };
		12E6CBA9245F10170081B6FC /* Product.swift */ = {isa = PBXFileReference; lastKnownFileType = sourcecode.swift; path = Product.swift; sourceTree = "<group>"; };
		12E6CBAB245F10260081B6FC /* Cart.swift */ = {isa = PBXFileReference; lastKnownFileType = sourcecode.swift; path = Cart.swift; sourceTree = "<group>"; };
		12E6CBAD245F12330081B6FC /* CartView.swift */ = {isa = PBXFileReference; lastKnownFileType = sourcecode.swift; path = CartView.swift; sourceTree = "<group>"; };
		12E6CBAF245F127A0081B6FC /* ProductRow.swift */ = {isa = PBXFileReference; lastKnownFileType = sourcecode.swift; path = ProductRow.swift; sourceTree = "<group>"; };
		12E6CBB1245F1D4C0081B6FC /* ProductCartRow.swift */ = {isa = PBXFileReference; lastKnownFileType = sourcecode.swift; path = ProductCartRow.swift; sourceTree = "<group>"; };
/* End PBXFileReference section */

/* Begin PBXFrameworksBuildPhase section */
		128C2B88245D9EEC00CAD9DD /* Frameworks */ = {
			isa = PBXFrameworksBuildPhase;
			buildActionMask = 2147483647;
			files = (
			);
			runOnlyForDeploymentPostprocessing = 0;
		};
/* End PBXFrameworksBuildPhase section */

/* Begin PBXGroup section */
		128C2B82245D9EEC00CAD9DD = {
			isa = PBXGroup;
			children = (
				128C2B8D245D9EEC00CAD9DD /* MySwiftUI */,
				128C2B8C245D9EEC00CAD9DD /* Products */,
			);
			sourceTree = "<group>";
		};
		128C2B8C245D9EEC00CAD9DD /* Products */ = {
			isa = PBXGroup;
			children = (
				128C2B8B245D9EEC00CAD9DD /* MySwiftUI.app */,
			);
			name = Products;
			sourceTree = "<group>";
		};
		128C2B8D245D9EEC00CAD9DD /* MySwiftUI */ = {
			isa = PBXGroup;
			children = (
				12E6CBAB245F10260081B6FC /* Cart.swift */,
				12E6CBA9245F10170081B6FC /* Product.swift */,
				128C2B95245D9EEC00CAD9DD /* ProductsView.swift */,
				12E6CBAD245F12330081B6FC /* CartView.swift */,
				12E6CBAF245F127A0081B6FC /* ProductRow.swift */,
				12E6CBB1245F1D4C0081B6FC /* ProductCartRow.swift */,
				128C2B97245D9EED00CAD9DD /* Assets.xcassets */,
				128C2B8E245D9EEC00CAD9DD /* AppDelegate.swift */,
				128C2B90245D9EEC00CAD9DD /* SceneDelegate.swift */,
				128C2B9C245D9EED00CAD9DD /* LaunchScreen.storyboard */,
				128C2B9F245D9EED00CAD9DD /* Info.plist */,
				128C2B92245D9EEC00CAD9DD /* MySwiftUI.xcdatamodeld */,
				128C2B99245D9EED00CAD9DD /* Preview Content */,
			);
			path = MySwiftUI;
			sourceTree = "<group>";
		};
		128C2B99245D9EED00CAD9DD /* Preview Content */ = {
			isa = PBXGroup;
			children = (
				128C2B9A245D9EED00CAD9DD /* Preview Assets.xcassets */,
			);
			path = "Preview Content";
			sourceTree = "<group>";
		};
/* End PBXGroup section */

/* Begin PBXNativeTarget section */
		128C2B8A245D9EEC00CAD9DD /* MySwiftUI */ = {
			isa = PBXNativeTarget;
			buildConfigurationList = 128C2BA2245D9EED00CAD9DD /* Build configuration list for PBXNativeTarget "MySwiftUI" */;
			buildPhases = (
				128C2B87245D9EEC00CAD9DD /* Sources */,
				128C2B88245D9EEC00CAD9DD /* Frameworks */,
				128C2B89245D9EEC00CAD9DD /* Resources */,
			);
			buildRules = (
			);
			dependencies = (
			);
			name = MySwiftUI;
			productName = MySwiftUI;
			productReference = 128C2B8B245D9EEC00CAD9DD /* MySwiftUI.app */;
			productType = "com.apple.product-type.application";
		};
/* End PBXNativeTarget section */

/* Begin PBXProject section */
		128C2B83245D9EEC00CAD9DD /* Project object */ = {
			isa = PBXProject;
			attributes = {
				LastSwiftUpdateCheck = 1140;
				LastUpgradeCheck = 1140;
				ORGANIZATIONNAME = Sengsathit;
				TargetAttributes = {
					128C2B8A245D9EEC00CAD9DD = {
						CreatedOnToolsVersion = 11.4.1;
					};
				};
			};
			buildConfigurationList = 128C2B86245D9EEC00CAD9DD /* Build configuration list for PBXProject "MySwiftUI" */;
			compatibilityVersion = "Xcode 9.3";
			developmentRegion = en;
			hasScannedForEncodings = 0;
			knownRegions = (
				en,
				Base,
			);
			mainGroup = 128C2B82245D9EEC00CAD9DD;
			productRefGroup = 128C2B8C245D9EEC00CAD9DD /* Products */;
			projectDirPath = "";
			projectRoot = "";
			targets = (
				128C2B8A245D9EEC00CAD9DD /* MySwiftUI */,
			);
		};
/* End PBXProject section */

/* Begin PBXResourcesBuildPhase section */
		128C2B89245D9EEC00CAD9DD /* Resources */ = {
			isa = PBXResourcesBuildPhase;
			buildActionMask = 2147483647;
			files = (
				128C2B9E245D9EED00CAD9DD /* LaunchScreen.storyboard in Resources */,
				128C2B9B245D9EED00CAD9DD /* Preview Assets.xcassets in Resources */,
				128C2B98245D9EED00CAD9DD /* Assets.xcassets in Resources */,
			);
			runOnlyForDeploymentPostprocessing = 0;
		};
/* End PBXResourcesBuildPhase section */

/* Begin PBXSourcesBuildPhase section */
		128C2B87245D9EEC00CAD9DD /* Sources */ = {
			isa = PBXSourcesBuildPhase;
			buildActionMask = 2147483647;
			files = (
				128C2B8F245D9EEC00CAD9DD /* AppDelegate.swift in Sources */,
				12E6CBAE245F12330081B6FC /* CartView.swift in Sources */,
				12E6CBAC245F10260081B6FC /* Cart.swift in Sources */,
				128C2B91245D9EEC00CAD9DD /* SceneDelegate.swift in Sources */,
				12E6CBB0245F127A0081B6FC /* ProductRow.swift in Sources */,
				12E6CBAA245F10170081B6FC /* Product.swift in Sources */,
				12E6CBB2245F1D4C0081B6FC /* ProductCartRow.swift in Sources */,
				128C2B96245D9EEC00CAD9DD /* ProductsView.swift in Sources */,
				128C2B94245D9EEC00CAD9DD /* MySwiftUI.xcdatamodeld in Sources */,
			);
			runOnlyForDeploymentPostprocessing = 0;
		};
/* End PBXSourcesBuildPhase section */

/* Begin PBXVariantGroup section */
		128C2B9C245D9EED00CAD9DD /* LaunchScreen.storyboard */ = {
			isa = PBXVariantGroup;
			children = (
				128C2B9D245D9EED00CAD9DD /* Base */,
			);
			name = LaunchScreen.storyboard;
			sourceTree = "<group>";
		};
/* End PBXVariantGroup section */

/* Begin XCBuildConfiguration section */
		128C2BA0245D9EED00CAD9DD /* Debug */ = {
			isa = XCBuildConfiguration;
			buildSettings = {
				ALWAYS_SEARCH_USER_PATHS = NO;
				CLANG_ANALYZER_NONNULL = YES;
				CLANG_ANALYZER_NUMBER_OBJECT_CONVERSION = YES_AGGRESSIVE;
				CLANG_CXX_LANGUAGE_STANDARD = "gnu++14";
				CLANG_CXX_LIBRARY = "libc++";
				CLANG_ENABLE_MODULES = YES;
				CLANG_ENABLE_OBJC_ARC = YES;
				CLANG_ENABLE_OBJC_WEAK = YES;
				CLANG_WARN_BLOCK_CAPTURE_AUTORELEASING = YES;
				CLANG_WARN_BOOL_CONVERSION = YES;
				CLANG_WARN_COMMA = YES;
				CLANG_WARN_CONSTANT_CONVERSION = YES;
				CLANG_WARN_DEPRECATED_OBJC_IMPLEMENTATIONS = YES;
				CLANG_WARN_DIRECT_OBJC_ISA_USAGE = YES_ERROR;
				CLANG_WARN_DOCUMENTATION_COMMENTS = YES;
				CLANG_WARN_EMPTY_BODY = YES;
				CLANG_WARN_ENUM_CONVERSION = YES;
				CLANG_WARN_INFINITE_RECURSION = YES;
				CLANG_WARN_INT_CONVERSION = YES;
				CLANG_WARN_NON_LITERAL_NULL_CONVERSION = YES;
				CLANG_WARN_OBJC_IMPLICIT_RETAIN_SELF = YES;
				CLANG_WARN_OBJC_LITERAL_CONVERSION = YES;
				CLANG_WARN_OBJC_ROOT_CLASS = YES_ERROR;
				CLANG_WARN_RANGE_LOOP_ANALYSIS = YES;
				CLANG_WARN_STRICT_PROTOTYPES = YES;
				CLANG_WARN_SUSPICIOUS_MOVE = YES;
				CLANG_WARN_UNGUARDED_AVAILABILITY = YES_AGGRESSIVE;
				CLANG_WARN_UNREACHABLE_CODE = YES;
				CLANG_WARN__DUPLICATE_METHOD_MATCH = YES;
				COPY_PHASE_STRIP = NO;
				DEBUG_INFORMATION_FORMAT = dwarf;
				ENABLE_STRICT_OBJC_MSGSEND = YES;
				ENABLE_TESTABILITY = YES;
				GCC_C_LANGUAGE_STANDARD = gnu11;
				GCC_DYNAMIC_NO_PIC = NO;
				GCC_NO_COMMON_BLOCKS = YES;
				GCC_OPTIMIZATION_LEVEL = 0;
				GCC_PREPROCESSOR_DEFINITIONS = (
					"DEBUG=1",
					"$(inherited)",
				);
				GCC_WARN_64_TO_32_BIT_CONVERSION = YES;
				GCC_WARN_ABOUT_RETURN_TYPE = YES_ERROR;
				GCC_WARN_UNDECLARED_SELECTOR = YES;
				GCC_WARN_UNINITIALIZED_AUTOS = YES_AGGRESSIVE;
				GCC_WARN_UNUSED_FUNCTION = YES;
				GCC_WARN_UNUSED_VARIABLE = YES;
				IPHONEOS_DEPLOYMENT_TARGET = 13.4;
				MTL_ENABLE_DEBUG_INFO = INCLUDE_SOURCE;
				MTL_FAST_MATH = YES;
				ONLY_ACTIVE_ARCH = YES;
				SDKROOT = iphoneos;
				SWIFT_ACTIVE_COMPILATION_CONDITIONS = DEBUG;
				SWIFT_OPTIMIZATION_LEVEL = "-Onone";
			};
			name = Debug;
		};
		128C2BA1245D9EED00CAD9DD /* Release */ = {
			isa = XCBuildConfiguration;
			buildSettings = {
				ALWAYS_SEARCH_USER_PATHS = NO;
				CLANG_ANALYZER_NONNULL = YES;
				CLANG_ANALYZER_NUMBER_OBJECT_CONVERSION = YES_AGGRESSIVE;
				CLANG_CXX_LANGUAGE_STANDARD = "gnu++14";
				CLANG_CXX_LIBRARY = "libc++";
				CLANG_ENABLE_MODULES = YES;
				CLANG_ENABLE_OBJC_ARC = YES;
				CLANG_ENABLE_OBJC_WEAK = YES;
				CLANG_WARN_BLOCK_CAPTURE_AUTORELEASING = YES;
				CLANG_WARN_BOOL_CONVERSION = YES;
				CLANG_WARN_COMMA = YES;
				CLANG_WARN_CONSTANT_CONVERSION = YES;
				CLANG_WARN_DEPRECATED_OBJC_IMPLEMENTATIONS = YES;
				CLANG_WARN_DIRECT_OBJC_ISA_USAGE = YES_ERROR;
				CLANG_WARN_DOCUMENTATION_COMMENTS = YES;
				CLANG_WARN_EMPTY_BODY = YES;
				CLANG_WARN_ENUM_CONVERSION = YES;
				CLANG_WARN_INFINITE_RECURSION = YES;
				CLANG_WARN_INT_CONVERSION = YES;
				CLANG_WARN_NON_LITERAL_NULL_CONVERSION = YES;
				CLANG_WARN_OBJC_IMPLICIT_RETAIN_SELF = YES;
				CLANG_WARN_OBJC_LITERAL_CONVERSION = YES;
				CLANG_WARN_OBJC_ROOT_CLASS = YES_ERROR;
				CLANG_WARN_RANGE_LOOP_ANALYSIS = YES;
				CLANG_WARN_STRICT_PROTOTYPES = YES;
				CLANG_WARN_SUSPICIOUS_MOVE = YES;
				CLANG_WARN_UNGUARDED_AVAILABILITY = YES_AGGRESSIVE;
				CLANG_WARN_UNREACHABLE_CODE = YES;
				CLANG_WARN__DUPLICATE_METHOD_MATCH = YES;
				COPY_PHASE_STRIP = NO;
				DEBUG_INFORMATION_FORMAT = "dwarf-with-dsym";
				ENABLE_NS_ASSERTIONS = NO;
				ENABLE_STRICT_OBJC_MSGSEND = YES;
				GCC_C_LANGUAGE_STANDARD = gnu11;
				GCC_NO_COMMON_BLOCKS = YES;
				GCC_WARN_64_TO_32_BIT_CONVERSION = YES;
				GCC_WARN_ABOUT_RETURN_TYPE = YES_ERROR;
				GCC_WARN_UNDECLARED_SELECTOR = YES;
				GCC_WARN_UNINITIALIZED_AUTOS = YES_AGGRESSIVE;
				GCC_WARN_UNUSED_FUNCTION = YES;
				GCC_WARN_UNUSED_VARIABLE = YES;
				IPHONEOS_DEPLOYMENT_TARGET = 13.4;
				MTL_ENABLE_DEBUG_INFO = NO;
				MTL_FAST_MATH = YES;
				SDKROOT = iphoneos;
				SWIFT_COMPILATION_MODE = wholemodule;
				SWIFT_OPTIMIZATION_LEVEL = "-O";
				VALIDATE_PRODUCT = YES;
			};
			name = Release;
		};
		128C2BA3245D9EED00CAD9DD /* Debug */ = {
			isa = XCBuildConfiguration;
			buildSettings = {
				ASSETCATALOG_COMPILER_APPICON_NAME = AppIcon;
				CODE_SIGN_STYLE = Automatic;
				DEVELOPMENT_ASSET_PATHS = "\"MySwiftUI/Preview Content\"";
				DEVELOPMENT_TEAM = 4CD53PWFSV;
				ENABLE_PREVIEWS = YES;
				INFOPLIST_FILE = MySwiftUI/Info.plist;
				LD_RUNPATH_SEARCH_PATHS = (
					"$(inherited)",
					"@executable_path/Frameworks",
				);
				PRODUCT_BUNDLE_IDENTIFIER = kodizfun.MySwiftUI;
				PRODUCT_NAME = "$(TARGET_NAME)";
				SWIFT_VERSION = 5.0;
				TARGETED_DEVICE_FAMILY = "1,2";
			};
			name = Debug;
		};
		128C2BA4245D9EED00CAD9DD /* Release */ = {
			isa = XCBuildConfiguration;
			buildSettings = {
				ASSETCATALOG_COMPILER_APPICON_NAME = AppIcon;
				CODE_SIGN_STYLE = Automatic;
				DEVELOPMENT_ASSET_PATHS = "\"MySwiftUI/Preview Content\"";
				DEVELOPMENT_TEAM = 4CD53PWFSV;
				ENABLE_PREVIEWS = YES;
				INFOPLIST_FILE = MySwiftUI/Info.plist;
				LD_RUNPATH_SEARCH_PATHS = (
					"$(inherited)",
					"@executable_path/Frameworks",
				);
				PRODUCT_BUNDLE_IDENTIFIER = kodizfun.MySwiftUI;
				PRODUCT_NAME = "$(TARGET_NAME)";
				SWIFT_VERSION = 5.0;
				TARGETED_DEVICE_FAMILY = "1,2";
			};
			name = Release;
		};
/* End XCBuildConfiguration section */

/* Begin XCConfigurationList section */
		128C2B86245D9EEC00CAD9DD /* Build configuration list for PBXProject "MySwiftUI" */ = {
			isa = XCConfigurationList;
			buildConfigurations = (
				128C2BA0245D9EED00CAD9DD /* Debug */,
				128C2BA1245D9EED00CAD9DD /* Release */,
			);
			defaultConfigurationIsVisible = 0;
			defaultConfigurationName = Release;
		};
		128C2BA2245D9EED00CAD9DD /* Build configuration list for PBXNativeTarget "MySwiftUI" */ = {
			isa = XCConfigurationList;
			buildConfigurations = (
				128C2BA3245D9EED00CAD9DD /* Debug */,
				128C2BA4245D9EED00CAD9DD /* Release */,
			);
			defaultConfigurationIsVisible = 0;
			defaultConfigurationName = Release;
		};
/* End XCConfigurationList section */

/* Begin XCVersionGroup section */
		128C2B92245D9EEC00CAD9DD /* MySwiftUI.xcdatamodeld */ = {
			isa = XCVersionGroup;
			children = (
				128C2B93245D9EEC00CAD9DD /* MySwiftUI.xcdatamodel */,
			);
			currentVersion = 128C2B93245D9EEC00CAD9DD /* MySwiftUI.xcdatamodel */;
			path = MySwiftUI.xcdatamodeld;
			sourceTree = "<group>";
			versionGroupType = wrapper.xcdatamodel;
		};
/* End XCVersionGroup section */
	};
	rootObject = 128C2B83245D9EEC00CAD9DD /* Project object */;
}
